
Microsoft Visual Studio Solution File, Format Version 12.00
# Visual Studio Version 17
VisualStudioVersion = 17.4.33205.214
MinimumVisualStudioVersion = 10.0.40219.1
Project("{9A19103F-16F7-4668-BE54-9A1E7A4F7556}") = "dockerWebApi", "dockerWebApi.csproj", "{A70B82DE-33BE-47F0-9CC7-92927C51D696}"
EndProject
Global
	GlobalSection(SolutionConfigurationPlatforms) = preSolution
		Debug|Any CPU = Debug|Any CPU
		Release|Any CPU = Release|Any CPU
	EndGlobalSection
	GlobalSection(ProjectConfigurationPlatforms) = postSolution
		{A70B82DE-33BE-47F0-9CC7-92927C51D696}.Debug|Any CPU.ActiveCfg = Debug|Any CPU
		{A70B82DE-33BE-47F0-9CC7-92927C51D696}.Debug|Any CPU.Build.0 = Debug|Any CPU
		{A70B82DE-33BE-47F0-9CC7-92927C51D696}.Release|Any CPU.ActiveCfg = Release|Any CPU
		{A70B82DE-33BE-47F0-9CC7-92927C51D696}.Release|Any CPU.Build.0 = Release|Any CPU
	EndGlobalSection
	GlobalSection(SolutionProperties) = preSolution
		HideSolutionNode = FALSE
	EndGlobalSection
	GlobalSection(ExtensibilityGlobals) = postSolution
		SolutionGuid = {8434668D-7AD0-4A7E-9B35-712B5C1D2201}
	EndGlobalSection
EndGlobal
